
Microsoft Visual Studio Solution File, Format Version 12.00
# Visual Studio Version 17
VisualStudioVersion = 17.3.32922.545
MinimumVisualStudioVersion = 10.0.40219.1
Project("{FAE04EC0-301F-11D3-BF4B-00C04F79EFBC}") = "HundeKennelMedDB1.0", "HundeKennelMedDB1.0\HundeKennelMedDB1.0.csproj", "{05D98292-2F7C-4B2F-8A60-666BA944BE6F}"
EndProject
Global
	GlobalSection(SolutionConfigurationPlatforms) = preSolution
		Debug|Any CPU = Debug|Any CPU
		Release|Any CPU = Release|Any CPU
	EndGlobalSection
	GlobalSection(ProjectConfigurationPlatforms) = postSolution
		{05D98292-2F7C-4B2F-8A60-666BA944BE6F}.Debug|Any CPU.ActiveCfg = Debug|Any CPU
		{05D98292-2F7C-4B2F-8A60-666BA944BE6F}.Debug|Any CPU.Build.0 = Debug|Any CPU
		{05D98292-2F7C-4B2F-8A60-666BA944BE6F}.Release|Any CPU.ActiveCfg = Release|Any CPU
		{05D98292-2F7C-4B2F-8A60-666BA944BE6F}.Release|Any CPU.Build.0 = Release|Any CPU
	EndGlobalSection
	GlobalSection(SolutionProperties) = preSolution
		HideSolutionNode = FALSE
	EndGlobalSection
	GlobalSection(ExtensibilityGlobals) = postSolution
		SolutionGuid = {643C4146-F807-455E-B120-2D829F79139E}
	EndGlobalSection
EndGlobal
